
Microsoft Visual Studio Solution File, Format Version 12.00
# Visual Studio Version 16
VisualStudioVersion = 16.0.30406.217
MinimumVisualStudioVersion = 10.0.40219.1
Project("{FAE04EC0-301F-11D3-BF4B-00C04F79EFBC}") = "TaskWEbUI", "TaskWEbUI.csproj", "{E5501561-FB7D-49B3-B5D8-29EF63A1E4D8}"
EndProject
Global
	GlobalSection(SolutionConfigurationPlatforms) = preSolution
		Debug|Any CPU = Debug|Any CPU
		Release|Any CPU = Release|Any CPU
	EndGlobalSection
	GlobalSection(ProjectConfigurationPlatforms) = postSolution
		{E5501561-FB7D-49B3-B5D8-29EF63A1E4D8}.Debug|Any CPU.ActiveCfg = Debug|Any CPU
		{E5501561-FB7D-49B3-B5D8-29EF63A1E4D8}.Debug|Any CPU.Build.0 = Debug|Any CPU
		{E5501561-FB7D-49B3-B5D8-29EF63A1E4D8}.Release|Any CPU.ActiveCfg = Release|Any CPU
		{E5501561-FB7D-49B3-B5D8-29EF63A1E4D8}.Release|Any CPU.Build.0 = Release|Any CPU
	EndGlobalSection
	GlobalSection(SolutionProperties) = preSolution
		HideSolutionNode = FALSE
	EndGlobalSection
	GlobalSection(ExtensibilityGlobals) = postSolution
		SolutionGuid = {D6D83BDF-E203-4386-A562-838B17FE270E}
	EndGlobalSection
EndGlobal
